
Microsoft Visual Studio Solution File, Format Version 12.00
# Visual Studio Version 17
VisualStudioVersion = 17.8.34330.188
MinimumVisualStudioVersion = 10.0.40219.1
Project("{FAE04EC0-301F-11D3-BF4B-00C04F79EFBC}") = "formula1.API", "formula1.API\formula1.API.csproj", "{37F9AD3E-7EB5-472C-B525-B8D1B0475F0E}"
EndProject
Global
	GlobalSection(SolutionConfigurationPlatforms) = preSolution
		Debug|Any CPU = Debug|Any CPU
		Release|Any CPU = Release|Any CPU
	EndGlobalSection
	GlobalSection(ProjectConfigurationPlatforms) = postSolution
		{37F9AD3E-7EB5-472C-B525-B8D1B0475F0E}.Debug|Any CPU.ActiveCfg = Debug|Any CPU
		{37F9AD3E-7EB5-472C-B525-B8D1B0475F0E}.Debug|Any CPU.Build.0 = Debug|Any CPU
		{37F9AD3E-7EB5-472C-B525-B8D1B0475F0E}.Release|Any CPU.ActiveCfg = Release|Any CPU
		{37F9AD3E-7EB5-472C-B525-B8D1B0475F0E}.Release|Any CPU.Build.0 = Release|Any CPU
	EndGlobalSection
	GlobalSection(SolutionProperties) = preSolution
		HideSolutionNode = FALSE
	EndGlobalSection
	GlobalSection(ExtensibilityGlobals) = postSolution
		SolutionGuid = {7F4CD29E-0EAF-48B6-BFFE-10DC1A5F68AE}
	EndGlobalSection
EndGlobal
